
Microsoft Visual Studio Solution File, Format Version 12.00
# Visual Studio 15
VisualStudioVersion = 15.0.27130.2010
MinimumVisualStudioVersion = 10.0.40219.1
Project("{FAE04EC0-301F-11D3-BF4B-00C04F79EFBC}") = "WorkoutPlanner.App", "WorkoutPlanner.App\WorkoutPlanner.App.csproj", "{94678114-1268-4B1A-9CE3-318378543D7C}"
EndProject
Project("{FAE04EC0-301F-11D3-BF4B-00C04F79EFBC}") = "WorkoutPlanner.App.Tests", "WorkoutPlanner.App.Tests\WorkoutPlanner.App.Tests.csproj", "{BADF5326-29DF-4712-8EC9-50B1A0FB6FE4}"
EndProject
Project("{FAE04EC0-301F-11D3-BF4B-00C04F79EFBC}") = "WorkoutPlanner.Data", "WorkoutPlanner.Data\WorkoutPlanner.Data.csproj", "{ACAA0100-A3EB-49A6-B371-23A856191A06}"
EndProject
Project("{FAE04EC0-301F-11D3-BF4B-00C04F79EFBC}") = "WorkoutPlanner.Domain", "WorkoutPlanner.Domain\WorkoutPlanner.Domain.csproj", "{A65D64C3-A988-4B38-A57E-0904B6E6766E}"
EndProject
Global
	GlobalSection(SolutionConfigurationPlatforms) = preSolution
		Debug|Any CPU = Debug|Any CPU
		Release|Any CPU = Release|Any CPU
	EndGlobalSection
	GlobalSection(ProjectConfigurationPlatforms) = postSolution
		{94678114-1268-4B1A-9CE3-318378543D7C}.Debug|Any CPU.ActiveCfg = Debug|Any CPU
		{94678114-1268-4B1A-9CE3-318378543D7C}.Debug|Any CPU.Build.0 = Debug|Any CPU
		{94678114-1268-4B1A-9CE3-318378543D7C}.Release|Any CPU.ActiveCfg = Release|Any CPU
		{94678114-1268-4B1A-9CE3-318378543D7C}.Release|Any CPU.Build.0 = Release|Any CPU
		{BADF5326-29DF-4712-8EC9-50B1A0FB6FE4}.Debug|Any CPU.ActiveCfg = Debug|Any CPU
		{BADF5326-29DF-4712-8EC9-50B1A0FB6FE4}.Debug|Any CPU.Build.0 = Debug|Any CPU
		{BADF5326-29DF-4712-8EC9-50B1A0FB6FE4}.Release|Any CPU.ActiveCfg = Release|Any CPU
		{BADF5326-29DF-4712-8EC9-50B1A0FB6FE4}.Release|Any CPU.Build.0 = Release|Any CPU
		{ACAA0100-A3EB-49A6-B371-23A856191A06}.Debug|Any CPU.ActiveCfg = Debug|Any CPU
		{ACAA0100-A3EB-49A6-B371-23A856191A06}.Debug|Any CPU.Build.0 = Debug|Any CPU
		{ACAA0100-A3EB-49A6-B371-23A856191A06}.Release|Any CPU.ActiveCfg = Release|Any CPU
		{ACAA0100-A3EB-49A6-B371-23A856191A06}.Release|Any CPU.Build.0 = Release|Any CPU
		{A65D64C3-A988-4B38-A57E-0904B6E6766E}.Debug|Any CPU.ActiveCfg = Debug|Any CPU
		{A65D64C3-A988-4B38-A57E-0904B6E6766E}.Debug|Any CPU.Build.0 = Debug|Any CPU
		{A65D64C3-A988-4B38-A57E-0904B6E6766E}.Release|Any CPU.ActiveCfg = Release|Any CPU
		{A65D64C3-A988-4B38-A57E-0904B6E6766E}.Release|Any CPU.Build.0 = Release|Any CPU
	EndGlobalSection
	GlobalSection(SolutionProperties) = preSolution
		HideSolutionNode = FALSE
	EndGlobalSection
	GlobalSection(ExtensibilityGlobals) = postSolution
		SolutionGuid = {7DA19CCA-464F-4DEA-AF23-8BB570022D02}
	EndGlobalSection
EndGlobal
